
Microsoft Visual Studio Solution File, Format Version 12.00
# Visual Studio 15
VisualStudioVersion = 15.0.27428.2015
MinimumVisualStudioVersion = 10.0.40219.1
Project("{9A19103F-16F7-4668-BE54-9A1E7A4F7556}") = "H3Standard", "H3Standard\H3Standard.csproj", "{BA7B2458-1621-44FC-9C72-7283E92AA7F3}"
EndProject
Project("{FAE04EC0-301F-11D3-BF4B-00C04F79EFBC}") = "H3Standard.H3.Tests", "H3.Standard.Tests\H3Standard.H3.Tests.csproj", "{54D5BBC8-4C3B-4E8E-AE7D-BE18247A1632}"
EndProject
Project("{FAE04EC0-301F-11D3-BF4B-00C04F79EFBC}") = "H3Standard.H3Net.Tests", "H3.Standard.H3Net.Tests\H3Standard.H3Net.Tests.csproj", "{991AE17D-9C74-4598-8613-C9C0D90F4B3D}"
EndProject
Global
	GlobalSection(SolutionConfigurationPlatforms) = preSolution
		Debug|Any CPU = Debug|Any CPU
		Debug|x64 = Debug|x64
		Debug|x86 = Debug|x86
		Release|Any CPU = Release|Any CPU
		Release|x64 = Release|x64
		Release|x86 = Release|x86
	EndGlobalSection
	GlobalSection(ProjectConfigurationPlatforms) = postSolution
		{BA7B2458-1621-44FC-9C72-7283E92AA7F3}.Debug|Any CPU.ActiveCfg = Debug|Any CPU
		{BA7B2458-1621-44FC-9C72-7283E92AA7F3}.Debug|Any CPU.Build.0 = Debug|Any CPU
		{BA7B2458-1621-44FC-9C72-7283E92AA7F3}.Debug|x64.ActiveCfg = Debug|Any CPU
		{BA7B2458-1621-44FC-9C72-7283E92AA7F3}.Debug|x64.Build.0 = Debug|Any CPU
		{BA7B2458-1621-44FC-9C72-7283E92AA7F3}.Debug|x86.ActiveCfg = Debug|Any CPU
		{BA7B2458-1621-44FC-9C72-7283E92AA7F3}.Debug|x86.Build.0 = Debug|Any CPU
		{BA7B2458-1621-44FC-9C72-7283E92AA7F3}.Release|Any CPU.ActiveCfg = Release|Any CPU
		{BA7B2458-1621-44FC-9C72-7283E92AA7F3}.Release|Any CPU.Build.0 = Release|Any CPU
		{BA7B2458-1621-44FC-9C72-7283E92AA7F3}.Release|x64.ActiveCfg = Release|Any CPU
		{BA7B2458-1621-44FC-9C72-7283E92AA7F3}.Release|x64.Build.0 = Release|Any CPU
		{BA7B2458-1621-44FC-9C72-7283E92AA7F3}.Release|x86.ActiveCfg = Release|Any CPU
		{BA7B2458-1621-44FC-9C72-7283E92AA7F3}.Release|x86.Build.0 = Release|Any CPU
		{54D5BBC8-4C3B-4E8E-AE7D-BE18247A1632}.Debug|Any CPU.ActiveCfg = Debug|Any CPU
		{54D5BBC8-4C3B-4E8E-AE7D-BE18247A1632}.Debug|Any CPU.Build.0 = Debug|Any CPU
		{54D5BBC8-4C3B-4E8E-AE7D-BE18247A1632}.Debug|x64.ActiveCfg = Debug|Any CPU
		{54D5BBC8-4C3B-4E8E-AE7D-BE18247A1632}.Debug|x64.Build.0 = Debug|Any CPU
		{54D5BBC8-4C3B-4E8E-AE7D-BE18247A1632}.Debug|x86.ActiveCfg = Debug|Any CPU
		{54D5BBC8-4C3B-4E8E-AE7D-BE18247A1632}.Debug|x86.Build.0 = Debug|Any CPU
		{54D5BBC8-4C3B-4E8E-AE7D-BE18247A1632}.Release|Any CPU.ActiveCfg = Release|Any CPU
		{54D5BBC8-4C3B-4E8E-AE7D-BE18247A1632}.Release|Any CPU.Build.0 = Release|Any CPU
		{54D5BBC8-4C3B-4E8E-AE7D-BE18247A1632}.Release|x64.ActiveCfg = Release|Any CPU
		{54D5BBC8-4C3B-4E8E-AE7D-BE18247A1632}.Release|x64.Build.0 = Release|Any CPU
		{54D5BBC8-4C3B-4E8E-AE7D-BE18247A1632}.Release|x86.ActiveCfg = Release|Any CPU
		{54D5BBC8-4C3B-4E8E-AE7D-BE18247A1632}.Release|x86.Build.0 = Release|Any CPU
		{991AE17D-9C74-4598-8613-C9C0D90F4B3D}.Debug|Any CPU.ActiveCfg = Debug|Any CPU
		{991AE17D-9C74-4598-8613-C9C0D90F4B3D}.Debug|Any CPU.Build.0 = Debug|Any CPU
		{991AE17D-9C74-4598-8613-C9C0D90F4B3D}.Debug|x64.ActiveCfg = Debug|Any CPU
		{991AE17D-9C74-4598-8613-C9C0D90F4B3D}.Debug|x64.Build.0 = Debug|Any CPU
		{991AE17D-9C74-4598-8613-C9C0D90F4B3D}.Debug|x86.ActiveCfg = Debug|Any CPU
		{991AE17D-9C74-4598-8613-C9C0D90F4B3D}.Debug|x86.Build.0 = Debug|Any CPU
		{991AE17D-9C74-4598-8613-C9C0D90F4B3D}.Release|Any CPU.ActiveCfg = Release|Any CPU
		{991AE17D-9C74-4598-8613-C9C0D90F4B3D}.Release|Any CPU.Build.0 = Release|Any CPU
		{991AE17D-9C74-4598-8613-C9C0D90F4B3D}.Release|x64.ActiveCfg = Release|Any CPU
		{991AE17D-9C74-4598-8613-C9C0D90F4B3D}.Release|x64.Build.0 = Release|Any CPU
		{991AE17D-9C74-4598-8613-C9C0D90F4B3D}.Release|x86.ActiveCfg = Release|Any CPU
		{991AE17D-9C74-4598-8613-C9C0D90F4B3D}.Release|x86.Build.0 = Release|Any CPU
	EndGlobalSection
	GlobalSection(SolutionProperties) = preSolution
		HideSolutionNode = FALSE
	EndGlobalSection
	GlobalSection(ExtensibilityGlobals) = postSolution
		SolutionGuid = {02B6ED4C-2F6F-4687-A740-7C67CFAA628F}
	EndGlobalSection
EndGlobal
