<?xml version="1.0" encoding="utf-8"?>
<Project ToolsVersion="4.0" xmlns="http://schemas.microsoft.com/developer/msbuild/2003">
  <ItemGroup>
    <Filter Include="Fichiers sources">
      <UniqueIdentifier>{4FC737F1-C7A5-4376-A066-2A32D752A2FF}</UniqueIdentifier>
      <Extensions>cpp;c;cc;cxx;def;odl;idl;hpj;bat;asm;asmx</Extensions>
    </Filter>
    <Filter Include="Fichiers d%27en-tête">
      <UniqueIdentifier>{93995380-89BD-4b04-88EB-625FBE52EBFB}</UniqueIdentifier>
      <Extensions>h;hh;hpp;hxx;hm;inl;inc;ipp;xsd</Extensions>
    </Filter>
    <Filter Include="Fichiers de ressources">
      <UniqueIdentifier>{67DA6AB6-F800-4c08-8B7A-83BB121AAD01}</UniqueIdentifier>
      <Extensions>rc;ico;cur;bmp;dlg;rc2;rct;bin;rgs;gif;jpg;jpeg;jpe;resx;tiff;tif;png;wav;mfcribbon-ms</Extensions>
    </Filter>
  </ItemGroup>
  <ItemGroup>
    <ClInclude Include="stdafx.h">
      <Filter>Fichiers d%27en-tête</Filter>
    </ClInclude>
    <ClInclude Include="targetver.h">
      <Filter>Fichiers d%27en-tête</Filter>
    </ClInclude>
    <ClInclude Include=".\src\h3lib\include\algos.h">
      <Filter>Fichiers d%27en-tête</Filter>
    </ClInclude>
    <ClInclude Include=".\src\h3lib\include\baseCells.h">
      <Filter>Fichiers d%27en-tête</Filter>
    </ClInclude>
    <ClInclude Include=".\src\h3lib\include\bbox.h">
      <Filter>Fichiers d%27en-tête</Filter>
    </ClInclude>
    <ClInclude Include=".\src\h3lib\include\constants.h">
      <Filter>Fichiers d%27en-tête</Filter>
    </ClInclude>
    <ClInclude Include=".\src\h3lib\include\coordijk.h">
      <Filter>Fichiers d%27en-tête</Filter>
    </ClInclude>
    <ClInclude Include=".\src\h3lib\include\faceijk.h">
      <Filter>Fichiers d%27en-tête</Filter>
    </ClInclude>
    <ClInclude Include=".\src\h3lib\include\geoCoord.h">
      <Filter>Fichiers d%27en-tête</Filter>
    </ClInclude>
    <ClInclude Include=".\src\h3lib\include\h3api.h">
      <Filter>Fichiers d%27en-tête</Filter>
    </ClInclude>
    <ClInclude Include=".\src\h3lib\include\h3Index.h">
      <Filter>Fichiers d%27en-tête</Filter>
    </ClInclude>
    <ClInclude Include=".\src\h3lib\include\h3UniEdge.h">
      <Filter>Fichiers d%27en-tête</Filter>
    </ClInclude>
    <ClInclude Include=".\src\h3lib\include\linkedGeo.h">
      <Filter>Fichiers d%27en-tête</Filter>
    </ClInclude>
    <ClInclude Include=".\src\h3lib\include\localij.h">
      <Filter>Fichiers d%27en-tête</Filter>
    </ClInclude>
    <ClInclude Include=".\src\h3lib\include\mathExtensions.h">
      <Filter>Fichiers d%27en-tête</Filter>
    </ClInclude>
    <ClInclude Include=".\src\h3lib\include\polygon.h">
      <Filter>Fichiers d%27en-tête</Filter>
    </ClInclude>
    <ClInclude Include=".\src\h3lib\include\polygonAlgos.h">
      <Filter>Fichiers d%27en-tête</Filter>
    </ClInclude>
    <ClInclude Include=".\src\h3lib\include\stackAlloc.h">
      <Filter>Fichiers d%27en-tête</Filter>
    </ClInclude>
    <ClInclude Include=".\src\h3lib\include\vec2d.h">
      <Filter>Fichiers d%27en-tête</Filter>
    </ClInclude>
    <ClInclude Include=".\src\h3lib\include\vec3d.h">
      <Filter>Fichiers d%27en-tête</Filter>
    </ClInclude>
    <ClInclude Include=".\src\h3lib\include\vertexGraph.h">
      <Filter>Fichiers d%27en-tête</Filter>
    </ClInclude>
  </ItemGroup>
  <ItemGroup>
    <ClCompile Include=".\src\h3lib\lib\algos.c">
      <Filter>Fichiers sources</Filter>
    </ClCompile>
    <ClCompile Include=".\src\h3lib\lib\baseCells.c">
      <Filter>Fichiers sources</Filter>
    </ClCompile>
    <ClCompile Include=".\src\h3lib\lib\bbox.c">
      <Filter>Fichiers sources</Filter>
    </ClCompile>
    <ClCompile Include=".\src\h3lib\lib\coordijk.c">
      <Filter>Fichiers sources</Filter>
    </ClCompile>
    <ClCompile Include=".\src\h3lib\lib\faceijk.c">
      <Filter>Fichiers sources</Filter>
    </ClCompile>
    <ClCompile Include=".\src\h3lib\lib\geoCoord.c">
      <Filter>Fichiers sources</Filter>
    </ClCompile>
    <ClCompile Include=".\src\h3lib\lib\h3Index.c">
      <Filter>Fichiers sources</Filter>
    </ClCompile>
    <ClCompile Include=".\src\h3lib\lib\h3UniEdge.c">
      <Filter>Fichiers sources</Filter>
    </ClCompile>
    <ClCompile Include=".\src\h3lib\lib\linkedGeo.c">
      <Filter>Fichiers sources</Filter>
    </ClCompile>
    <ClCompile Include=".\src\h3lib\lib\localij.c">
      <Filter>Fichiers sources</Filter>
    </ClCompile>
    <ClCompile Include=".\src\h3lib\lib\mathExtensions.c">
      <Filter>Fichiers sources</Filter>
    </ClCompile>
    <ClCompile Include=".\src\h3lib\lib\polygon.c">
      <Filter>Fichiers sources</Filter>
    </ClCompile>
    <ClCompile Include=".\src\h3lib\lib\vec2d.c">
      <Filter>Fichiers sources</Filter>
    </ClCompile>
    <ClCompile Include=".\src\h3lib\lib\vec3d.c">
      <Filter>Fichiers sources</Filter>
    </ClCompile>
    <ClCompile Include=".\src\h3lib\lib\vertexGraph.c">
      <Filter>Fichiers sources</Filter>
    </ClCompile>
  </ItemGroup>
  <ItemGroup>
    <None Include="VERSION.md" />
  </ItemGroup>
</Project>